// !$*UTF8*$!
{
	archiveVersion = 1;
	classes = {
	};
	objectVersion = 55;
	objects = {

/* Begin PBXBuildFile section */
		2ADE02CE2909B79B0039955E /* AppDelegate.swift in Sources */ = {isa = PBXBuildFile; fileRef = 2ADE02CD2909B79B0039955E /* AppDelegate.swift */; };
		2ADE02D02909B79B0039955E /* SceneDelegate.swift in Sources */ = {isa = PBXBuildFile; fileRef = 2ADE02CF2909B79B0039955E /* SceneDelegate.swift */; };
		2ADE02D22909B79B0039955E /* SchoolsTableViewController.swift in Sources */ = {isa = PBXBuildFile; fileRef = 2ADE02D12909B79B0039955E /* SchoolsTableViewController.swift */; };
		2ADE02D72909B79D0039955E /* Assets.xcassets in Resources */ = {isa = PBXBuildFile; fileRef = 2ADE02D62909B79D0039955E /* Assets.xcassets */; };
		2ADE02DA2909B79D0039955E /* LaunchScreen.storyboard in Resources */ = {isa = PBXBuildFile; fileRef = 2ADE02D82909B79D0039955E /* LaunchScreen.storyboard */; };
		2ADE02E82909C3D40039955E /* CodableBundleExtension.swift in Sources */ = {isa = PBXBuildFile; fileRef = 2ADE02E72909C3D40039955E /* CodableBundleExtension.swift */; };
		2ADE02EB2909C41B0039955E /* CodableBundleEnum.swift in Sources */ = {isa = PBXBuildFile; fileRef = 2ADE02EA2909C41B0039955E /* CodableBundleEnum.swift */; };
		2ADE02ED2909C4CB0039955E /* NetworkManager.swift in Sources */ = {isa = PBXBuildFile; fileRef = 2ADE02EC2909C4CB0039955E /* NetworkManager.swift */; };
		2ADE02EF2909C4E00039955E /* NetworkUrls.swift in Sources */ = {isa = PBXBuildFile; fileRef = 2ADE02EE2909C4E00039955E /* NetworkUrls.swift */; };
		2ADE02F12909C5090039955E /* NetworkError.swift in Sources */ = {isa = PBXBuildFile; fileRef = 2ADE02F02909C5090039955E /* NetworkError.swift */; };
		2ADE02F32909D7DE0039955E /* NYCHighSchoolModel.swift in Sources */ = {isa = PBXBuildFile; fileRef = 2ADE02F22909D7DE0039955E /* NYCHighSchoolModel.swift */; };
		2ADE02F52909D99C0039955E /* high_schools.json in Resources */ = {isa = PBXBuildFile; fileRef = 2ADE02F42909D99C0039955E /* high_schools.json */; };
		2ADE02F72909DEAB0039955E /* NYCSchoolTableViewCell.swift in Sources */ = {isa = PBXBuildFile; fileRef = 2ADE02F62909DEAB0039955E /* NYCSchoolTableViewCell.swift */; };
		2ADE02FD2909FF770039955E /* SchoolScoresViewController.m in Sources */ = {isa = PBXBuildFile; fileRef = 2ADE02FC2909FF770039955E /* SchoolScoresViewController.m */; };
		2ADE030C290A30830039955E /* SATScore.m in Sources */ = {isa = PBXBuildFile; fileRef = 2ADE030B290A30830039955E /* SATScore.m */; };
		2ADE030E290A63A10039955E /* NetworkManagerObjc.m in Sources */ = {isa = PBXBuildFile; fileRef = 2ADE030D290A63A10039955E /* NetworkManagerObjc.m */; };
/* End PBXBuildFile section */

/* Begin PBXFileReference section */
		2ADE02CA2909B79B0039955E /* 20221026-MohammedAlQuarini-NYCSchools.app */ = {isa = PBXFileReference; explicitFileType = wrapper.application; includeInIndex = 0; path = "20221026-MohammedAlQuarini-NYCSchools.app"; sourceTree = BUILT_PRODUCTS_DIR; };
		2ADE02CD2909B79B0039955E /* AppDelegate.swift */ = {isa = PBXFileReference; lastKnownFileType = sourcecode.swift; path = AppDelegate.swift; sourceTree = "<group>"; };
		2ADE02CF2909B79B0039955E /* SceneDelegate.swift */ = {isa = PBXFileReference; lastKnownFileType = sourcecode.swift; path = SceneDelegate.swift; sourceTree = "<group>"; };
		2ADE02D12909B79B0039955E /* SchoolsTableViewController.swift */ = {isa = PBXFileReference; lastKnownFileType = sourcecode.swift; path = SchoolsTableViewController.swift; sourceTree = "<group>"; };
		2ADE02D62909B79D0039955E /* Assets.xcassets */ = {isa = PBXFileReference; lastKnownFileType = folder.assetcatalog; path = Assets.xcassets; sourceTree = "<group>"; };
		2ADE02D92909B79D0039955E /* Base */ = {isa = PBXFileReference; lastKnownFileType = file.storyboard; name = Base; path = Base.lproj/LaunchScreen.storyboard; sourceTree = "<group>"; };
		2ADE02DB2909B79D0039955E /* Info.plist */ = {isa = PBXFileReference; lastKnownFileType = text.plist.xml; path = Info.plist; sourceTree = "<group>"; };
		2ADE02E72909C3D40039955E /* CodableBundleExtension.swift */ = {isa = PBXFileReference; lastKnownFileType = sourcecode.swift; path = CodableBundleExtension.swift; sourceTree = "<group>"; };
		2ADE02EA2909C41B0039955E /* CodableBundleEnum.swift */ = {isa = PBXFileReference; lastKnownFileType = sourcecode.swift; path = CodableBundleEnum.swift; sourceTree = "<group>"; };
		2ADE02EC2909C4CB0039955E /* NetworkManager.swift */ = {isa = PBXFileReference; lastKnownFileType = sourcecode.swift; path = NetworkManager.swift; sourceTree = "<group>"; };
		2ADE02EE2909C4E00039955E /* NetworkUrls.swift */ = {isa = PBXFileReference; lastKnownFileType = sourcecode.swift; path = NetworkUrls.swift; sourceTree = "<group>"; };
		2ADE02F02909C5090039955E /* NetworkError.swift */ = {isa = PBXFileReference; lastKnownFileType = sourcecode.swift; path = NetworkError.swift; sourceTree = "<group>"; };
		2ADE02F22909D7DE0039955E /* NYCHighSchoolModel.swift */ = {isa = PBXFileReference; lastKnownFileType = sourcecode.swift; path = NYCHighSchoolModel.swift; sourceTree = "<group>"; };
		2ADE02F42909D99C0039955E /* high_schools.json */ = {isa = PBXFileReference; lastKnownFileType = text.json; path = high_schools.json; sourceTree = "<group>"; };
		2ADE02F62909DEAB0039955E /* NYCSchoolTableViewCell.swift */ = {isa = PBXFileReference; lastKnownFileType = sourcecode.swift; path = NYCSchoolTableViewCell.swift; sourceTree = "<group>"; };
		2ADE02FA2909FF760039955E /* 20221026-MohammedAlQuarini-NYCSchools-Bridging-Header.h */ = {isa = PBXFileReference; lastKnownFileType = sourcecode.c.h; path = "20221026-MohammedAlQuarini-NYCSchools-Bridging-Header.h"; sourceTree = "<group>"; };
		2ADE02FB2909FF770039955E /* SchoolScoresViewController.h */ = {isa = PBXFileReference; lastKnownFileType = sourcecode.c.h; path = SchoolScoresViewController.h; sourceTree = "<group>"; };
		2ADE02FC2909FF770039955E /* SchoolScoresViewController.m */ = {isa = PBXFileReference; lastKnownFileType = sourcecode.c.objc; path = SchoolScoresViewController.m; sourceTree = "<group>"; };
		2ADE030A290A30730039955E /* SATScore.h */ = {isa = PBXFileReference; lastKnownFileType = sourcecode.c.h; path = SATScore.h; sourceTree = "<group>"; };
		2ADE030B290A30830039955E /* SATScore.m */ = {isa = PBXFileReference; lastKnownFileType = sourcecode.c.objc; path = SATScore.m; sourceTree = "<group>"; };
		2ADE030D290A63A10039955E /* NetworkManagerObjc.m */ = {isa = PBXFileReference; lastKnownFileType = sourcecode.c.objc; path = NetworkManagerObjc.m; sourceTree = "<group>"; };
		2ADE030F290A63AC0039955E /* NetworkManagerObjc.h */ = {isa = PBXFileReference; lastKnownFileType = sourcecode.c.h; path = NetworkManagerObjc.h; sourceTree = "<group>"; };
/* End PBXFileReference section */

/* Begin PBXFrameworksBuildPhase section */
		2ADE02C72909B79B0039955E /* Frameworks */ = {
			isa = PBXFrameworksBuildPhase;
			buildActionMask = 2147483647;
			files = (
			);
			runOnlyForDeploymentPostprocessing = 0;
		};
/* End PBXFrameworksBuildPhase section */

/* Begin PBXGroup section */
		2ADE02C12909B79A0039955E = {
			isa = PBXGroup;
			children = (
				2ADE02CC2909B79B0039955E /* 20221026-MohammedAlQuarini-NYCSchools */,
				2ADE02CB2909B79B0039955E /* Products */,
			);
			sourceTree = "<group>";
		};
		2ADE02CB2909B79B0039955E /* Products */ = {
			isa = PBXGroup;
			children = (
				2ADE02CA2909B79B0039955E /* 20221026-MohammedAlQuarini-NYCSchools.app */,
			);
			name = Products;
			sourceTree = "<group>";
		};
		2ADE02CC2909B79B0039955E /* 20221026-MohammedAlQuarini-NYCSchools */ = {
			isa = PBXGroup;
			children = (
				2ADE02E12909B7B80039955E /* App */,
				2ADE02E22909B7BF0039955E /* Controller */,
				2ADE02E52909BF1D0039955E /* Model */,
				2ADE02E42909BF0B0039955E /* Network */,
				2ADE02E62909C3BB0039955E /* Extension */,
				2ADE02E92909C4080039955E /* LocalManager */,
				2ADE02E32909B7CC0039955E /* Asset */,
				2ADE02DB2909B79D0039955E /* Info.plist */,
			);
			path = "20221026-MohammedAlQuarini-NYCSchools";
			sourceTree = "<group>";
		};
		2ADE02E12909B7B80039955E /* App */ = {
			isa = PBXGroup;
			children = (
				2ADE02CD2909B79B0039955E /* AppDelegate.swift */,
				2ADE02CF2909B79B0039955E /* SceneDelegate.swift */,
			);
			path = App;
			sourceTree = "<group>";
		};
		2ADE02E22909B7BF0039955E /* Controller */ = {
			isa = PBXGroup;
			children = (
				2ADE02D12909B79B0039955E /* SchoolsTableViewController.swift */,
				2ADE02F62909DEAB0039955E /* NYCSchoolTableViewCell.swift */,
				2ADE02FB2909FF770039955E /* SchoolScoresViewController.h */,
				2ADE02FC2909FF770039955E /* SchoolScoresViewController.m */,
				2ADE02FA2909FF760039955E /* 20221026-MohammedAlQuarini-NYCSchools-Bridging-Header.h */,
			);
			path = Controller;
			sourceTree = "<group>";
		};
		2ADE02E32909B7CC0039955E /* Asset */ = {
			isa = PBXGroup;
			children = (
				2ADE02D62909B79D0039955E /* Assets.xcassets */,
				2ADE02D82909B79D0039955E /* LaunchScreen.storyboard */,
			);
			path = Asset;
			sourceTree = "<group>";
		};
		2ADE02E42909BF0B0039955E /* Network */ = {
			isa = PBXGroup;
			children = (
				2ADE02EC2909C4CB0039955E /* NetworkManager.swift */,
				2ADE02F02909C5090039955E /* NetworkError.swift */,
				2ADE02EE2909C4E00039955E /* NetworkUrls.swift */,
				2ADE030D290A63A10039955E /* NetworkManagerObjc.m */,
				2ADE030F290A63AC0039955E /* NetworkManagerObjc.h */,
			);
			path = Network;
			sourceTree = "<group>";
		};
		2ADE02E52909BF1D0039955E /* Model */ = {
			isa = PBXGroup;
			children = (
				2ADE02F22909D7DE0039955E /* NYCHighSchoolModel.swift */,
				2ADE030A290A30730039955E /* SATScore.h */,
				2ADE030B290A30830039955E /* SATScore.m */,
			);
			path = Model;
			sourceTree = "<group>";
		};
		2ADE02E62909C3BB0039955E /* Extension */ = {
			isa = PBXGroup;
			children = (
				2ADE02E72909C3D40039955E /* CodableBundleExtension.swift */,
				2ADE02F42909D99C0039955E /* high_schools.json */,
			);
			path = Extension;
			sourceTree = "<group>";
		};
		2ADE02E92909C4080039955E /* LocalManager */ = {
			isa = PBXGroup;
			children = (
				2ADE02EA2909C41B0039955E /* CodableBundleEnum.swift */,
			);
			path = LocalManager;
			sourceTree = "<group>";
		};
/* End PBXGroup section */

/* Begin PBXNativeTarget section */
		2ADE02C92909B79B0039955E /* 20221026-MohammedAlQuarini-NYCSchools */ = {
			isa = PBXNativeTarget;
			buildConfigurationList = 2ADE02DE2909B79D0039955E /* Build configuration list for PBXNativeTarget "20221026-MohammedAlQuarini-NYCSchools" */;
			buildPhases = (
				2ADE02C62909B79B0039955E /* Sources */,
				2ADE02C72909B79B0039955E /* Frameworks */,
				2ADE02C82909B79B0039955E /* Resources */,
			);
			buildRules = (
			);
			dependencies = (
			);
			name = "20221026-MohammedAlQuarini-NYCSchools";
			productName = "20221026-MohammedAlQuarini-NYCSchools";
			productReference = 2ADE02CA2909B79B0039955E /* 20221026-MohammedAlQuarini-NYCSchools.app */;
			productType = "com.apple.product-type.application";
		};
/* End PBXNativeTarget section */

/* Begin PBXProject section */
		2ADE02C22909B79A0039955E /* Project object */ = {
			isa = PBXProject;
			attributes = {
				BuildIndependentTargetsInParallel = 1;
				LastSwiftUpdateCheck = 1340;
				LastUpgradeCheck = 1340;
				TargetAttributes = {
					2ADE02C92909B79B0039955E = {
						CreatedOnToolsVersion = 13.4.1;
						LastSwiftMigration = 1340;
					};
				};
			};
			buildConfigurationList = 2ADE02C52909B79A0039955E /* Build configuration list for PBXProject "20221026-MohammedAlQuarini-NYCSchools" */;
			compatibilityVersion = "Xcode 13.0";
			developmentRegion = en;
			hasScannedForEncodings = 0;
			knownRegions = (
				en,
				Base,
			);
			mainGroup = 2ADE02C12909B79A0039955E;
			productRefGroup = 2ADE02CB2909B79B0039955E /* Products */;
			projectDirPath = "";
			projectRoot = "";
			targets = (
				2ADE02C92909B79B0039955E /* 20221026-MohammedAlQuarini-NYCSchools */,
			);
		};
/* End PBXProject section */

/* Begin PBXResourcesBuildPhase section */
		2ADE02C82909B79B0039955E /* Resources */ = {
			isa = PBXResourcesBuildPhase;
			buildActionMask = 2147483647;
			files = (
				2ADE02DA2909B79D0039955E /* LaunchScreen.storyboard in Resources */,
				2ADE02D72909B79D0039955E /* Assets.xcassets in Resources */,
				2ADE02F52909D99C0039955E /* high_schools.json in Resources */,
			);
			runOnlyForDeploymentPostprocessing = 0;
		};
/* End PBXResourcesBuildPhase section */

/* Begin PBXSourcesBuildPhase section */
		2ADE02C62909B79B0039955E /* Sources */ = {
			isa = PBXSourcesBuildPhase;
			buildActionMask = 2147483647;
			files = (
				2ADE02ED2909C4CB0039955E /* NetworkManager.swift in Sources */,
				2ADE02F12909C5090039955E /* NetworkError.swift in Sources */,
				2ADE02E82909C3D40039955E /* CodableBundleExtension.swift in Sources */,
				2ADE02D22909B79B0039955E /* SchoolsTableViewController.swift in Sources */,
				2ADE02CE2909B79B0039955E /* AppDelegate.swift in Sources */,
				2ADE030C290A30830039955E /* SATScore.m in Sources */,
				2ADE02F32909D7DE0039955E /* NYCHighSchoolModel.swift in Sources */,
				2ADE02F72909DEAB0039955E /* NYCSchoolTableViewCell.swift in Sources */,
				2ADE02EB2909C41B0039955E /* CodableBundleEnum.swift in Sources */,
				2ADE02FD2909FF770039955E /* SchoolScoresViewController.m in Sources */,
				2ADE02EF2909C4E00039955E /* NetworkUrls.swift in Sources */,
				2ADE02D02909B79B0039955E /* SceneDelegate.swift in Sources */,
				2ADE030E290A63A10039955E /* NetworkManagerObjc.m in Sources */,
			);
			runOnlyForDeploymentPostprocessing = 0;
		};
/* End PBXSourcesBuildPhase section */

/* Begin PBXVariantGroup section */
		2ADE02D82909B79D0039955E /* LaunchScreen.storyboard */ = {
			isa = PBXVariantGroup;
			children = (
				2ADE02D92909B79D0039955E /* Base */,
			);
			name = LaunchScreen.storyboard;
			sourceTree = "<group>";
		};
/* End PBXVariantGroup section */

/* Begin XCBuildConfiguration section */
		2ADE02DC2909B79D0039955E /* Debug */ = {
			isa = XCBuildConfiguration;
			buildSettings = {
				ALWAYS_SEARCH_USER_PATHS = NO;
				CLANG_ANALYZER_NONNULL = YES;
				CLANG_ANALYZER_NUMBER_OBJECT_CONVERSION = YES_AGGRESSIVE;
				CLANG_CXX_LANGUAGE_STANDARD = "gnu++17";
				CLANG_ENABLE_MODULES = YES;
				CLANG_ENABLE_OBJC_ARC = YES;
				CLANG_ENABLE_OBJC_WEAK = YES;
				CLANG_WARN_BLOCK_CAPTURE_AUTORELEASING = YES;
				CLANG_WARN_BOOL_CONVERSION = YES;
				CLANG_WARN_COMMA = YES;
				CLANG_WARN_CONSTANT_CONVERSION = YES;
				CLANG_WARN_DEPRECATED_OBJC_IMPLEMENTATIONS = YES;
				CLANG_WARN_DIRECT_OBJC_ISA_USAGE = YES_ERROR;
				CLANG_WARN_DOCUMENTATION_COMMENTS = YES;
				CLANG_WARN_EMPTY_BODY = YES;
				CLANG_WARN_ENUM_CONVERSION = YES;
				CLANG_WARN_INFINITE_RECURSION = YES;
				CLANG_WARN_INT_CONVERSION = YES;
				CLANG_WARN_NON_LITERAL_NULL_CONVERSION = YES;
				CLANG_WARN_OBJC_IMPLICIT_RETAIN_SELF = YES;
				CLANG_WARN_OBJC_LITERAL_CONVERSION = YES;
				CLANG_WARN_OBJC_ROOT_CLASS = YES_ERROR;
				CLANG_WARN_QUOTED_INCLUDE_IN_FRAMEWORK_HEADER = YES;
				CLANG_WARN_RANGE_LOOP_ANALYSIS = YES;
				CLANG_WARN_STRICT_PROTOTYPES = YES;
				CLANG_WARN_SUSPICIOUS_MOVE = YES;
				CLANG_WARN_UNGUARDED_AVAILABILITY = YES_AGGRESSIVE;
				CLANG_WARN_UNREACHABLE_CODE = YES;
				CLANG_WARN__DUPLICATE_METHOD_MATCH = YES;
				COPY_PHASE_STRIP = NO;
				DEBUG_INFORMATION_FORMAT = dwarf;
				ENABLE_STRICT_OBJC_MSGSEND = YES;
				ENABLE_TESTABILITY = YES;
				GCC_C_LANGUAGE_STANDARD = gnu11;
				GCC_DYNAMIC_NO_PIC = NO;
				GCC_NO_COMMON_BLOCKS = YES;
				GCC_OPTIMIZATION_LEVEL = 0;
				GCC_PREPROCESSOR_DEFINITIONS = (
					"DEBUG=1",
					"$(inherited)",
				);
				GCC_WARN_64_TO_32_BIT_CONVERSION = YES;
				GCC_WARN_ABOUT_RETURN_TYPE = YES_ERROR;
				GCC_WARN_UNDECLARED_SELECTOR = YES;
				GCC_WARN_UNINITIALIZED_AUTOS = YES_AGGRESSIVE;
				GCC_WARN_UNUSED_FUNCTION = YES;
				GCC_WARN_UNUSED_VARIABLE = YES;
				IPHONEOS_DEPLOYMENT_TARGET = 15.5;
				MTL_ENABLE_DEBUG_INFO = INCLUDE_SOURCE;
				MTL_FAST_MATH = YES;
				ONLY_ACTIVE_ARCH = YES;
				SDKROOT = iphoneos;
				SWIFT_ACTIVE_COMPILATION_CONDITIONS = DEBUG;
				SWIFT_OPTIMIZATION_LEVEL = "-Onone";
			};
			name = Debug;
		};
		2ADE02DD2909B79D0039955E /* Release */ = {
			isa = XCBuildConfiguration;
			buildSettings = {
				ALWAYS_SEARCH_USER_PATHS = NO;
				CLANG_ANALYZER_NONNULL = YES;
				CLANG_ANALYZER_NUMBER_OBJECT_CONVERSION = YES_AGGRESSIVE;
				CLANG_CXX_LANGUAGE_STANDARD = "gnu++17";
				CLANG_ENABLE_MODULES = YES;
				CLANG_ENABLE_OBJC_ARC = YES;
				CLANG_ENABLE_OBJC_WEAK = YES;
				CLANG_WARN_BLOCK_CAPTURE_AUTORELEASING = YES;
				CLANG_WARN_BOOL_CONVERSION = YES;
				CLANG_WARN_COMMA = YES;
				CLANG_WARN_CONSTANT_CONVERSION = YES;
				CLANG_WARN_DEPRECATED_OBJC_IMPLEMENTATIONS = YES;
				CLANG_WARN_DIRECT_OBJC_ISA_USAGE = YES_ERROR;
				CLANG_WARN_DOCUMENTATION_COMMENTS = YES;
				CLANG_WARN_EMPTY_BODY = YES;
				CLANG_WARN_ENUM_CONVERSION = YES;
				CLANG_WARN_INFINITE_RECURSION = YES;
				CLANG_WARN_INT_CONVERSION = YES;
				CLANG_WARN_NON_LITERAL_NULL_CONVERSION = YES;
				CLANG_WARN_OBJC_IMPLICIT_RETAIN_SELF = YES;
				CLANG_WARN_OBJC_LITERAL_CONVERSION = YES;
				CLANG_WARN_OBJC_ROOT_CLASS = YES_ERROR;
				CLANG_WARN_QUOTED_INCLUDE_IN_FRAMEWORK_HEADER = YES;
				CLANG_WARN_RANGE_LOOP_ANALYSIS = YES;
				CLANG_WARN_STRICT_PROTOTYPES = YES;
				CLANG_WARN_SUSPICIOUS_MOVE = YES;
				CLANG_WARN_UNGUARDED_AVAILABILITY = YES_AGGRESSIVE;
				CLANG_WARN_UNREACHABLE_CODE = YES;
				CLANG_WARN__DUPLICATE_METHOD_MATCH = YES;
				COPY_PHASE_STRIP = NO;
				DEBUG_INFORMATION_FORMAT = "dwarf-with-dsym";
				ENABLE_NS_ASSERTIONS = NO;
				ENABLE_STRICT_OBJC_MSGSEND = YES;
				GCC_C_LANGUAGE_STANDARD = gnu11;
				GCC_NO_COMMON_BLOCKS = YES;
				GCC_WARN_64_TO_32_BIT_CONVERSION = YES;
				GCC_WARN_ABOUT_RETURN_TYPE = YES_ERROR;
				GCC_WARN_UNDECLARED_SELECTOR = YES;
				GCC_WARN_UNINITIALIZED_AUTOS = YES_AGGRESSIVE;
				GCC_WARN_UNUSED_FUNCTION = YES;
				GCC_WARN_UNUSED_VARIABLE = YES;
				IPHONEOS_DEPLOYMENT_TARGET = 15.5;
				MTL_ENABLE_DEBUG_INFO = NO;
				MTL_FAST_MATH = YES;
				SDKROOT = iphoneos;
				SWIFT_COMPILATION_MODE = wholemodule;
				SWIFT_OPTIMIZATION_LEVEL = "-O";
				VALIDATE_PRODUCT = YES;
			};
			name = Release;
		};
		2ADE02DF2909B79D0039955E /* Debug */ = {
			isa = XCBuildConfiguration;
			buildSettings = {
				ASSETCATALOG_COMPILER_APPICON_NAME = AppIcon;
				ASSETCATALOG_COMPILER_GLOBAL_ACCENT_COLOR_NAME = AccentColor;
				CLANG_ENABLE_MODULES = YES;
				CODE_SIGN_STYLE = Automatic;
				CURRENT_PROJECT_VERSION = 1;
				DEVELOPMENT_TEAM = 7HR75ZCV8P;
				GCC_NO_COMMON_BLOCKS = NO;
				GENERATE_INFOPLIST_FILE = YES;
				INFOPLIST_FILE = "20221026-MohammedAlQuarini-NYCSchools/Info.plist";
				INFOPLIST_KEY_UIApplicationSupportsIndirectInputEvents = YES;
				INFOPLIST_KEY_UILaunchStoryboardName = LaunchScreen;
				INFOPLIST_KEY_UISupportedInterfaceOrientations_iPad = "UIInterfaceOrientationPortrait UIInterfaceOrientationPortraitUpsideDown UIInterfaceOrientationLandscapeLeft UIInterfaceOrientationLandscapeRight";
				INFOPLIST_KEY_UISupportedInterfaceOrientations_iPhone = "UIInterfaceOrientationPortrait UIInterfaceOrientationLandscapeLeft UIInterfaceOrientationLandscapeRight";
				LD_RUNPATH_SEARCH_PATHS = (
					"$(inherited)",
					"@executable_path/Frameworks",
				);
				MARKETING_VERSION = 1.0;
				PRODUCT_BUNDLE_IDENTIFIER = "com.alquraini.-0221026-MohammedAlQuarini-NYCSchools";
				PRODUCT_NAME = "$(TARGET_NAME)";
				SWIFT_EMIT_LOC_STRINGS = YES;
				SWIFT_OBJC_BRIDGING_HEADER = "20221026-MohammedAlQuarini-NYCSchools/Controller/20221026-MohammedAlQuarini-NYCSchools-Bridging-Header.h";
				SWIFT_OPTIMIZATION_LEVEL = "-Onone";
				SWIFT_VERSION = 5.0;
				TARGETED_DEVICE_FAMILY = "1,2";
			};
			name = Debug;
		};
		2ADE02E02909B79D0039955E /* Release */ = {
			isa = XCBuildConfiguration;
			buildSettings = {
				ASSETCATALOG_COMPILER_APPICON_NAME = AppIcon;
				ASSETCATALOG_COMPILER_GLOBAL_ACCENT_COLOR_NAME = AccentColor;
				CLANG_ENABLE_MODULES = YES;
				CODE_SIGN_STYLE = Automatic;
				CURRENT_PROJECT_VERSION = 1;
				DEVELOPMENT_TEAM = 7HR75ZCV8P;
				GCC_NO_COMMON_BLOCKS = NO;
				GENERATE_INFOPLIST_FILE = YES;
				INFOPLIST_FILE = "20221026-MohammedAlQuarini-NYCSchools/Info.plist";
				INFOPLIST_KEY_UIApplicationSupportsIndirectInputEvents = YES;
				INFOPLIST_KEY_UILaunchStoryboardName = LaunchScreen;
				INFOPLIST_KEY_UISupportedInterfaceOrientations_iPad = "UIInterfaceOrientationPortrait UIInterfaceOrientationPortraitUpsideDown UIInterfaceOrientationLandscapeLeft UIInterfaceOrientationLandscapeRight";
				INFOPLIST_KEY_UISupportedInterfaceOrientations_iPhone = "UIInterfaceOrientationPortrait UIInterfaceOrientationLandscapeLeft UIInterfaceOrientationLandscapeRight";
				LD_RUNPATH_SEARCH_PATHS = (
					"$(inherited)",
					"@executable_path/Frameworks",
				);
				MARKETING_VERSION = 1.0;
				PRODUCT_BUNDLE_IDENTIFIER = "com.alquraini.-0221026-MohammedAlQuarini-NYCSchools";
				PRODUCT_NAME = "$(TARGET_NAME)";
				SWIFT_EMIT_LOC_STRINGS = YES;
				SWIFT_OBJC_BRIDGING_HEADER = "20221026-MohammedAlQuarini-NYCSchools/Controller/20221026-MohammedAlQuarini-NYCSchools-Bridging-Header.h";
				SWIFT_VERSION = 5.0;
				TARGETED_DEVICE_FAMILY = "1,2";
			};
			name = Release;
		};
/* End XCBuildConfiguration section */

/* Begin XCConfigurationList section */
		2ADE02C52909B79A0039955E /* Build configuration list for PBXProject "20221026-MohammedAlQuarini-NYCSchools" */ = {
			isa = XCConfigurationList;
			buildConfigurations = (
				2ADE02DC2909B79D0039955E /* Debug */,
				2ADE02DD2909B79D0039955E /* Release */,
			);
			defaultConfigurationIsVisible = 0;
			defaultConfigurationName = Release;
		};
		2ADE02DE2909B79D0039955E /* Build configuration list for PBXNativeTarget "20221026-MohammedAlQuarini-NYCSchools" */ = {
			isa = XCConfigurationList;
			buildConfigurations = (
				2ADE02DF2909B79D0039955E /* Debug */,
				2ADE02E02909B79D0039955E /* Release */,
			);
			defaultConfigurationIsVisible = 0;
			defaultConfigurationName = Release;
		};
/* End XCConfigurationList section */
	};
	rootObject = 2ADE02C22909B79A0039955E /* Project object */;
}
